
Microsoft Visual Studio Solution File, Format Version 12.00
# Visual Studio Version 17
VisualStudioVersion = 17.0.31903.59
MinimumVisualStudioVersion = 10.0.40219.1
Project("{2150E333-8FDC-42A3-9474-1A3956D46DE8}") = "MicroServices", "MicroServices", "{D86C8901-6DEF-47CD-8446-9C4302B0739B}"
EndProject
Project("{2150E333-8FDC-42A3-9474-1A3956D46DE8}") = "Domain", "Domain", "{D68D42C0-75CE-4303-87B6-69F4F694B857}"
EndProject
Project("{2150E333-8FDC-42A3-9474-1A3956D46DE8}") = "Infra.Bus", "Infra.Bus", "{F58D040A-3A6A-4BB8-9453-D6CBAAF738F9}"
EndProject
Project("{2150E333-8FDC-42A3-9474-1A3956D46DE8}") = "Infra.IoC", "Infra.IoC", "{BE367CB8-B3E9-4DA5-ABEA-6A01DA72EFF6}"
EndProject
Project("{2150E333-8FDC-42A3-9474-1A3956D46DE8}") = "Presentaion", "Presentaion", "{E4346061-99BB-4BA4-B0FE-8AB810C0D4A5}"
EndProject
Project("{9A19103F-16F7-4668-BE54-9A1E7A4F7556}") = "MicroRabbit.Domain.Core", "MicroRabbit.Domain.Core\MicroRabbit.Domain.Core.csproj", "{4E5C62B4-B7FC-4321-B689-D12F62357EC4}"
EndProject
Project("{9A19103F-16F7-4668-BE54-9A1E7A4F7556}") = "MicroRabbitMq.Infra.Bus", "MicroRabbitMq.Infra.Bus\MicroRabbitMq.Infra.Bus.csproj", "{A0FF042C-0047-445B-A300-623148FCD22D}"
EndProject
Project("{9A19103F-16F7-4668-BE54-9A1E7A4F7556}") = "MicroRabbitMq.Infra.IoC", "MicroRabbitMq.Infra.IoC\MicroRabbitMq.Infra.IoC.csproj", "{8217007E-2214-4856-AEB0-66A1CC9ACAC4}"
EndProject
Project("{2150E333-8FDC-42A3-9474-1A3956D46DE8}") = "Banking", "Banking", "{EF51737F-AEC2-4C1D-A317-6A462EFC7F6D}"
EndProject
Project("{2150E333-8FDC-42A3-9474-1A3956D46DE8}") = "Api", "Api", "{D5054348-F6A1-4504-972C-FA6D42DC1EC6}"
EndProject
Project("{2150E333-8FDC-42A3-9474-1A3956D46DE8}") = "Domain", "Domain", "{FCC5A07E-9606-4159-9136-78FA93B462E4}"
EndProject
Project("{2150E333-8FDC-42A3-9474-1A3956D46DE8}") = "Application", "Application", "{32EE9652-0730-4B2F-93C5-7396812EEDC0}"
EndProject
Project("{2150E333-8FDC-42A3-9474-1A3956D46DE8}") = "Data", "Data", "{71FE6ECC-765E-48CD-8615-BDDADD057AFC}"
EndProject
Project("{9A19103F-16F7-4668-BE54-9A1E7A4F7556}") = "MicroRabbitMq.Banking.Api", "MicroRabbitMq.Banking.Api\MicroRabbitMq.Banking.Api.csproj", "{E2BB5A09-B2E3-49F3-B3D1-B9F65ECB0559}"
EndProject
Project("{9A19103F-16F7-4668-BE54-9A1E7A4F7556}") = "MicroRabbitMq.Banking.Application", "MicroRabbitMq.Banking.Application\MicroRabbitMq.Banking.Application.csproj", "{984DB878-DE6B-4F78-B7D8-D75982FC9758}"
EndProject
Project("{9A19103F-16F7-4668-BE54-9A1E7A4F7556}") = "MicroRabbitMq.Banking.Data", "MicroRabbitMq.Banking.Data\MicroRabbitMq.Banking.Data.csproj", "{88D0B21E-B5E5-480B-B661-D6196C437DEA}"
EndProject
Project("{9A19103F-16F7-4668-BE54-9A1E7A4F7556}") = "MicroRabbitMq.Banking.Domain", "MicroRabbitMq.Banking.Domain\MicroRabbitMq.Banking.Domain.csproj", "{8B08A070-883D-4A6F-84FF-CF8F70E54D1A}"
EndProject
Project("{2150E333-8FDC-42A3-9474-1A3956D46DE8}") = "Transfer", "Transfer", "{35D84255-64E1-4C6B-91CF-8345A230B5A3}"
EndProject
Project("{2150E333-8FDC-42A3-9474-1A3956D46DE8}") = "Api", "Api", "{2C5ABD0A-BB38-43BB-8E68-79EF0710488B}"
EndProject
Project("{2150E333-8FDC-42A3-9474-1A3956D46DE8}") = "Application", "Application", "{71765A73-1B12-463E-9884-A3E0D3F23240}"
EndProject
Project("{2150E333-8FDC-42A3-9474-1A3956D46DE8}") = "Data", "Data", "{4B80FFCF-C2B2-4D32-B3B2-1D30DE959994}"
EndProject
Project("{2150E333-8FDC-42A3-9474-1A3956D46DE8}") = "Domain", "Domain", "{E21C9DFB-A4A5-4148-88F0-9CD8F11BA0E4}"
EndProject
Project("{FAE04EC0-301F-11D3-BF4B-00C04F79EFBC}") = "MicroServiceRabbitMQ.Transfer.Api", "MicroServiceRabbitMQ.Transfer.Api\MicroServiceRabbitMQ.Transfer.Api.csproj", "{B4159E3C-1193-407C-9F2D-A23E3F42AB80}"
EndProject
Project("{FAE04EC0-301F-11D3-BF4B-00C04F79EFBC}") = "MicroServiceRabbitMQ.Transfer.Application", "MicroServiceRabbitMQ.Transfer.Application\MicroServiceRabbitMQ.Transfer.Application.csproj", "{0CDFF96E-B020-429C-B36C-E7C53889C88E}"
EndProject
Project("{FAE04EC0-301F-11D3-BF4B-00C04F79EFBC}") = "MicroServiceRabbitMQ.Transfer.Data", "MicroServiceRabbitMQ.Transfer.Data\MicroServiceRabbitMQ.Transfer.Data.csproj", "{DF0F1AEB-AB10-4BF1-B371-CC0A7DF8D137}"
EndProject
Project("{FAE04EC0-301F-11D3-BF4B-00C04F79EFBC}") = "MicroServiceRabbitMQ.Transfer.Domain", "MicroServiceRabbitMQ.Transfer.Domain\MicroServiceRabbitMQ.Transfer.Domain.csproj", "{F7FA1D38-9240-446F-87A5-8086B69C8512}"
EndProject
Global
	GlobalSection(SolutionConfigurationPlatforms) = preSolution
		Debug|Any CPU = Debug|Any CPU
		Release|Any CPU = Release|Any CPU
	EndGlobalSection
	GlobalSection(ProjectConfigurationPlatforms) = postSolution
		{4E5C62B4-B7FC-4321-B689-D12F62357EC4}.Debug|Any CPU.ActiveCfg = Debug|Any CPU
		{4E5C62B4-B7FC-4321-B689-D12F62357EC4}.Debug|Any CPU.Build.0 = Debug|Any CPU
		{4E5C62B4-B7FC-4321-B689-D12F62357EC4}.Release|Any CPU.ActiveCfg = Release|Any CPU
		{4E5C62B4-B7FC-4321-B689-D12F62357EC4}.Release|Any CPU.Build.0 = Release|Any CPU
		{A0FF042C-0047-445B-A300-623148FCD22D}.Debug|Any CPU.ActiveCfg = Debug|Any CPU
		{A0FF042C-0047-445B-A300-623148FCD22D}.Debug|Any CPU.Build.0 = Debug|Any CPU
		{A0FF042C-0047-445B-A300-623148FCD22D}.Release|Any CPU.ActiveCfg = Release|Any CPU
		{A0FF042C-0047-445B-A300-623148FCD22D}.Release|Any CPU.Build.0 = Release|Any CPU
		{8217007E-2214-4856-AEB0-66A1CC9ACAC4}.Debug|Any CPU.ActiveCfg = Debug|Any CPU
		{8217007E-2214-4856-AEB0-66A1CC9ACAC4}.Debug|Any CPU.Build.0 = Debug|Any CPU
		{8217007E-2214-4856-AEB0-66A1CC9ACAC4}.Release|Any CPU.ActiveCfg = Release|Any CPU
		{8217007E-2214-4856-AEB0-66A1CC9ACAC4}.Release|Any CPU.Build.0 = Release|Any CPU
		{E2BB5A09-B2E3-49F3-B3D1-B9F65ECB0559}.Debug|Any CPU.ActiveCfg = Debug|Any CPU
		{E2BB5A09-B2E3-49F3-B3D1-B9F65ECB0559}.Debug|Any CPU.Build.0 = Debug|Any CPU
		{E2BB5A09-B2E3-49F3-B3D1-B9F65ECB0559}.Release|Any CPU.ActiveCfg = Release|Any CPU
		{E2BB5A09-B2E3-49F3-B3D1-B9F65ECB0559}.Release|Any CPU.Build.0 = Release|Any CPU
		{984DB878-DE6B-4F78-B7D8-D75982FC9758}.Debug|Any CPU.ActiveCfg = Debug|Any CPU
		{984DB878-DE6B-4F78-B7D8-D75982FC9758}.Debug|Any CPU.Build.0 = Debug|Any CPU
		{984DB878-DE6B-4F78-B7D8-D75982FC9758}.Release|Any CPU.ActiveCfg = Release|Any CPU
		{984DB878-DE6B-4F78-B7D8-D75982FC9758}.Release|Any CPU.Build.0 = Release|Any CPU
		{88D0B21E-B5E5-480B-B661-D6196C437DEA}.Debug|Any CPU.ActiveCfg = Debug|Any CPU
		{88D0B21E-B5E5-480B-B661-D6196C437DEA}.Debug|Any CPU.Build.0 = Debug|Any CPU
		{88D0B21E-B5E5-480B-B661-D6196C437DEA}.Release|Any CPU.ActiveCfg = Release|Any CPU
		{88D0B21E-B5E5-480B-B661-D6196C437DEA}.Release|Any CPU.Build.0 = Release|Any CPU
		{8B08A070-883D-4A6F-84FF-CF8F70E54D1A}.Debug|Any CPU.ActiveCfg = Debug|Any CPU
		{8B08A070-883D-4A6F-84FF-CF8F70E54D1A}.Debug|Any CPU.Build.0 = Debug|Any CPU
		{8B08A070-883D-4A6F-84FF-CF8F70E54D1A}.Release|Any CPU.ActiveCfg = Release|Any CPU
		{8B08A070-883D-4A6F-84FF-CF8F70E54D1A}.Release|Any CPU.Build.0 = Release|Any CPU
		{B4159E3C-1193-407C-9F2D-A23E3F42AB80}.Debug|Any CPU.ActiveCfg = Debug|Any CPU
		{B4159E3C-1193-407C-9F2D-A23E3F42AB80}.Debug|Any CPU.Build.0 = Debug|Any CPU
		{B4159E3C-1193-407C-9F2D-A23E3F42AB80}.Release|Any CPU.ActiveCfg = Release|Any CPU
		{B4159E3C-1193-407C-9F2D-A23E3F42AB80}.Release|Any CPU.Build.0 = Release|Any CPU
		{0CDFF96E-B020-429C-B36C-E7C53889C88E}.Debug|Any CPU.ActiveCfg = Debug|Any CPU
		{0CDFF96E-B020-429C-B36C-E7C53889C88E}.Debug|Any CPU.Build.0 = Debug|Any CPU
		{0CDFF96E-B020-429C-B36C-E7C53889C88E}.Release|Any CPU.ActiveCfg = Release|Any CPU
		{0CDFF96E-B020-429C-B36C-E7C53889C88E}.Release|Any CPU.Build.0 = Release|Any CPU
		{DF0F1AEB-AB10-4BF1-B371-CC0A7DF8D137}.Debug|Any CPU.ActiveCfg = Debug|Any CPU
		{DF0F1AEB-AB10-4BF1-B371-CC0A7DF8D137}.Debug|Any CPU.Build.0 = Debug|Any CPU
		{DF0F1AEB-AB10-4BF1-B371-CC0A7DF8D137}.Release|Any CPU.ActiveCfg = Release|Any CPU
		{DF0F1AEB-AB10-4BF1-B371-CC0A7DF8D137}.Release|Any CPU.Build.0 = Release|Any CPU
		{F7FA1D38-9240-446F-87A5-8086B69C8512}.Debug|Any CPU.ActiveCfg = Debug|Any CPU
		{F7FA1D38-9240-446F-87A5-8086B69C8512}.Debug|Any CPU.Build.0 = Debug|Any CPU
		{F7FA1D38-9240-446F-87A5-8086B69C8512}.Release|Any CPU.ActiveCfg = Release|Any CPU
		{F7FA1D38-9240-446F-87A5-8086B69C8512}.Release|Any CPU.Build.0 = Release|Any CPU
	EndGlobalSection
	GlobalSection(SolutionProperties) = preSolution
		HideSolutionNode = FALSE
	EndGlobalSection
	GlobalSection(NestedProjects) = preSolution
		{4E5C62B4-B7FC-4321-B689-D12F62357EC4} = {D68D42C0-75CE-4303-87B6-69F4F694B857}
		{A0FF042C-0047-445B-A300-623148FCD22D} = {F58D040A-3A6A-4BB8-9453-D6CBAAF738F9}
		{8217007E-2214-4856-AEB0-66A1CC9ACAC4} = {BE367CB8-B3E9-4DA5-ABEA-6A01DA72EFF6}
		{EF51737F-AEC2-4C1D-A317-6A462EFC7F6D} = {D86C8901-6DEF-47CD-8446-9C4302B0739B}
		{D5054348-F6A1-4504-972C-FA6D42DC1EC6} = {EF51737F-AEC2-4C1D-A317-6A462EFC7F6D}
		{FCC5A07E-9606-4159-9136-78FA93B462E4} = {EF51737F-AEC2-4C1D-A317-6A462EFC7F6D}
		{32EE9652-0730-4B2F-93C5-7396812EEDC0} = {EF51737F-AEC2-4C1D-A317-6A462EFC7F6D}
		{71FE6ECC-765E-48CD-8615-BDDADD057AFC} = {EF51737F-AEC2-4C1D-A317-6A462EFC7F6D}
		{E2BB5A09-B2E3-49F3-B3D1-B9F65ECB0559} = {D5054348-F6A1-4504-972C-FA6D42DC1EC6}
		{984DB878-DE6B-4F78-B7D8-D75982FC9758} = {32EE9652-0730-4B2F-93C5-7396812EEDC0}
		{88D0B21E-B5E5-480B-B661-D6196C437DEA} = {71FE6ECC-765E-48CD-8615-BDDADD057AFC}
		{8B08A070-883D-4A6F-84FF-CF8F70E54D1A} = {FCC5A07E-9606-4159-9136-78FA93B462E4}
		{35D84255-64E1-4C6B-91CF-8345A230B5A3} = {EF51737F-AEC2-4C1D-A317-6A462EFC7F6D}
		{2C5ABD0A-BB38-43BB-8E68-79EF0710488B} = {35D84255-64E1-4C6B-91CF-8345A230B5A3}
		{71765A73-1B12-463E-9884-A3E0D3F23240} = {35D84255-64E1-4C6B-91CF-8345A230B5A3}
		{4B80FFCF-C2B2-4D32-B3B2-1D30DE959994} = {35D84255-64E1-4C6B-91CF-8345A230B5A3}
		{E21C9DFB-A4A5-4148-88F0-9CD8F11BA0E4} = {35D84255-64E1-4C6B-91CF-8345A230B5A3}
		{B4159E3C-1193-407C-9F2D-A23E3F42AB80} = {2C5ABD0A-BB38-43BB-8E68-79EF0710488B}
		{0CDFF96E-B020-429C-B36C-E7C53889C88E} = {71765A73-1B12-463E-9884-A3E0D3F23240}
		{DF0F1AEB-AB10-4BF1-B371-CC0A7DF8D137} = {4B80FFCF-C2B2-4D32-B3B2-1D30DE959994}
		{F7FA1D38-9240-446F-87A5-8086B69C8512} = {E21C9DFB-A4A5-4148-88F0-9CD8F11BA0E4}
	EndGlobalSection
	GlobalSection(ExtensibilityGlobals) = postSolution
		SolutionGuid = {5574C55E-D321-4265-80F5-338E4FF01C2F}
	EndGlobalSection
EndGlobal
