
Microsoft Visual Studio Solution File, Format Version 12.00
# Visual Studio Version 17
VisualStudioVersion = 17.0.31903.59
MinimumVisualStudioVersion = 10.0.40219.1
Project("{2150E333-8FDC-42A3-9474-1A3956D46DE8}") = "MicroServices", "MicroServices", "{D86C8901-6DEF-47CD-8446-9C4302B0739B}"
EndProject
Project("{2150E333-8FDC-42A3-9474-1A3956D46DE8}") = "Domain", "Domain", "{D68D42C0-75CE-4303-87B6-69F4F694B857}"
EndProject
Project("{2150E333-8FDC-42A3-9474-1A3956D46DE8}") = "Infra.Bus", "Infra.Bus", "{F58D040A-3A6A-4BB8-9453-D6CBAAF738F9}"
EndProject
Project("{2150E333-8FDC-42A3-9474-1A3956D46DE8}") = "Solution Items", "Solution Items", "{BE367CB8-B3E9-4DA5-ABEA-6A01DA72EFF6}"
EndProject
Project("{2150E333-8FDC-42A3-9474-1A3956D46DE8}") = "Presentaion", "Presentaion", "{E4346061-99BB-4BA4-B0FE-8AB810C0D4A5}"
EndProject
Project("{FAE04EC0-301F-11D3-BF4B-00C04F79EFBC}") = "MicroRabbit.Domain.Core", "MicroRabbit.Domain.Core\MicroRabbit.Domain.Core.csproj", "{4E5C62B4-B7FC-4321-B689-D12F62357EC4}"
EndProject
Global
	GlobalSection(SolutionConfigurationPlatforms) = preSolution
		Debug|Any CPU = Debug|Any CPU
		Release|Any CPU = Release|Any CPU
	EndGlobalSection
	GlobalSection(ProjectConfigurationPlatforms) = postSolution
		{4E5C62B4-B7FC-4321-B689-D12F62357EC4}.Debug|Any CPU.ActiveCfg = Debug|Any CPU
		{4E5C62B4-B7FC-4321-B689-D12F62357EC4}.Debug|Any CPU.Build.0 = Debug|Any CPU
		{4E5C62B4-B7FC-4321-B689-D12F62357EC4}.Release|Any CPU.ActiveCfg = Release|Any CPU
		{4E5C62B4-B7FC-4321-B689-D12F62357EC4}.Release|Any CPU.Build.0 = Release|Any CPU
	EndGlobalSection
	GlobalSection(SolutionProperties) = preSolution
		HideSolutionNode = FALSE
	EndGlobalSection
	GlobalSection(NestedProjects) = preSolution
		{4E5C62B4-B7FC-4321-B689-D12F62357EC4} = {D68D42C0-75CE-4303-87B6-69F4F694B857}
	EndGlobalSection
	GlobalSection(ExtensibilityGlobals) = postSolution
		SolutionGuid = {5574C55E-D321-4265-80F5-338E4FF01C2F}
	EndGlobalSection
EndGlobal
